
Microsoft Visual Studio Solution File, Format Version 12.00
# Visual Studio Version 17
VisualStudioVersion = 17.10.35013.160
MinimumVisualStudioVersion = 10.0.40219.1
Project("{FAE04EC0-301F-11D3-BF4B-00C04F79EFBC}") = "WebApplication4", "WebApplication4.csproj", "{51DE6637-1ACA-4330-9F07-155FDE6BE9AB}"
EndProject
Global
	GlobalSection(SolutionConfigurationPlatforms) = preSolution
		Debug|Any CPU = Debug|Any CPU
		Release|Any CPU = Release|Any CPU
	EndGlobalSection
	GlobalSection(ProjectConfigurationPlatforms) = postSolution
		{51DE6637-1ACA-4330-9F07-155FDE6BE9AB}.Debug|Any CPU.ActiveCfg = Debug|Any CPU
		{51DE6637-1ACA-4330-9F07-155FDE6BE9AB}.Debug|Any CPU.Build.0 = Debug|Any CPU
		{51DE6637-1ACA-4330-9F07-155FDE6BE9AB}.Release|Any CPU.ActiveCfg = Release|Any CPU
		{51DE6637-1ACA-4330-9F07-155FDE6BE9AB}.Release|Any CPU.Build.0 = Release|Any CPU
	EndGlobalSection
	GlobalSection(SolutionProperties) = preSolution
		HideSolutionNode = FALSE
	EndGlobalSection
	GlobalSection(ExtensibilityGlobals) = postSolution
		SolutionGuid = {2EFAC68D-8C57-4E50-8F75-614914E4DCDB}
	EndGlobalSection
EndGlobal
